
Microsoft Visual Studio Solution File, Format Version 12.00
# Visual Studio Version 17
VisualStudioVersion = 17.7.34031.279
MinimumVisualStudioVersion = 10.0.40219.1
Project("{FAE04EC0-301F-11D3-BF4B-00C04F79EFBC}") = "Module1212", "Module1212\Module1212.csproj", "{312BEA24-D357-4626-BFC2-C1803494FEFE}"
EndProject
Global
	GlobalSection(SolutionConfigurationPlatforms) = preSolution
		Debug|Any CPU = Debug|Any CPU
		Release|Any CPU = Release|Any CPU
	EndGlobalSection
	GlobalSection(ProjectConfigurationPlatforms) = postSolution
		{312BEA24-D357-4626-BFC2-C1803494FEFE}.Debug|Any CPU.ActiveCfg = Debug|Any CPU
		{312BEA24-D357-4626-BFC2-C1803494FEFE}.Debug|Any CPU.Build.0 = Debug|Any CPU
		{312BEA24-D357-4626-BFC2-C1803494FEFE}.Release|Any CPU.ActiveCfg = Release|Any CPU
		{312BEA24-D357-4626-BFC2-C1803494FEFE}.Release|Any CPU.Build.0 = Release|Any CPU
	EndGlobalSection
	GlobalSection(SolutionProperties) = preSolution
		HideSolutionNode = FALSE
	EndGlobalSection
	GlobalSection(ExtensibilityGlobals) = postSolution
		SolutionGuid = {8D97DCAF-EBC8-4EBA-A93E-995B8AEC7BE1}
	EndGlobalSection
EndGlobal
